
Microsoft Visual Studio Solution File, Format Version 12.00
# Visual Studio Version 16
VisualStudioVersion = 16.0.33920.266
MinimumVisualStudioVersion = 10.0.40219.1
Project("{F184B08F-C81C-45F6-A57F-5ABD9991F28F}") = "SimpleCalculatorForm", "SimpleCalculatorForm.vbproj", "{1F7A7A92-9B47-4394-B532-E31C6A4076A3}"
EndProject
Global
	GlobalSection(SolutionConfigurationPlatforms) = preSolution
		Debug|Any CPU = Debug|Any CPU
		Release|Any CPU = Release|Any CPU
	EndGlobalSection
	GlobalSection(ProjectConfigurationPlatforms) = postSolution
		{1F7A7A92-9B47-4394-B532-E31C6A4076A3}.Debug|Any CPU.ActiveCfg = Debug|Any CPU
		{1F7A7A92-9B47-4394-B532-E31C6A4076A3}.Debug|Any CPU.Build.0 = Debug|Any CPU
		{1F7A7A92-9B47-4394-B532-E31C6A4076A3}.Release|Any CPU.ActiveCfg = Release|Any CPU
		{1F7A7A92-9B47-4394-B532-E31C6A4076A3}.Release|Any CPU.Build.0 = Release|Any CPU
	EndGlobalSection
	GlobalSection(SolutionProperties) = preSolution
		HideSolutionNode = FALSE
	EndGlobalSection
	GlobalSection(ExtensibilityGlobals) = postSolution
		SolutionGuid = {6FB4DC57-7BB1-4711-ADCB-395051278DC9}
	EndGlobalSection
EndGlobal
